PODS:
  - SnapKit (5.7.1)

DEPENDENCIES:
  - SnapKit (~> 5.7.0)

SPEC REPOS:
  https://mirrors.tuna.tsinghua.edu.cn/git/CocoaPods/Specs.git:
    - SnapKit

SPEC CHECKSUMS:
  SnapKit: d612e99e678a2d3b95bf60b0705ed0a35c03484a

PODFILE CHECKSUM: 59889fe0434ce696d3d8d1c99e5ba5511d415e39

COCOAPODS: 1.16.2
