PODS:
  - SnapKit (5.7.1)

DEPENDENCIES:
  - SnapKit (~> 5.7.0)

SPEC REPOS:
  https://mirrors.tuna.tsinghua.edu.cn/git/CocoaPods/Specs.git:
    - SnapKit

SPEC CHECKSUMS:
  SnapKit: d612e99e678a2d3b95bf60b0705ed0a35c03484a

PODFILE CHECKSUM: 2d046480c3733f577f55a8e9b29cadd52e462db0

COCOAPODS: 1.16.2
